
Microsoft Visual Studio Solution File, Format Version 12.00
# Visual Studio Version 17
VisualStudioVersion = 17.7.34031.279
MinimumVisualStudioVersion = 10.0.40219.1
Project("{FAE04EC0-301F-11D3-BF4B-00C04F79EFBC}") = "laboratorna5", "laboratorna5\laboratorna5.csproj", "{F79A5CFC-5795-4CF8-B0D9-55ABB9E5C045}"
EndProject
Project("{FAE04EC0-301F-11D3-BF4B-00C04F79EFBC}") = "zavd2", "zavd2\zavd2.csproj", "{16578822-CBAB-4CB7-8C6B-4C9B020FE8CA}"
EndProject
Global
	GlobalSection(SolutionConfigurationPlatforms) = preSolution
		Debug|Any CPU = Debug|Any CPU
		Release|Any CPU = Release|Any CPU
	EndGlobalSection
	GlobalSection(ProjectConfigurationPlatforms) = postSolution
		{F79A5CFC-5795-4CF8-B0D9-55ABB9E5C045}.Debug|Any CPU.ActiveCfg = Debug|Any CPU
		{F79A5CFC-5795-4CF8-B0D9-55ABB9E5C045}.Debug|Any CPU.Build.0 = Debug|Any CPU
		{F79A5CFC-5795-4CF8-B0D9-55ABB9E5C045}.Release|Any CPU.ActiveCfg = Release|Any CPU
		{F79A5CFC-5795-4CF8-B0D9-55ABB9E5C045}.Release|Any CPU.Build.0 = Release|Any CPU
		{16578822-CBAB-4CB7-8C6B-4C9B020FE8CA}.Debug|Any CPU.ActiveCfg = Debug|Any CPU
		{16578822-CBAB-4CB7-8C6B-4C9B020FE8CA}.Debug|Any CPU.Build.0 = Debug|Any CPU
		{16578822-CBAB-4CB7-8C6B-4C9B020FE8CA}.Release|Any CPU.ActiveCfg = Release|Any CPU
		{16578822-CBAB-4CB7-8C6B-4C9B020FE8CA}.Release|Any CPU.Build.0 = Release|Any CPU
	EndGlobalSection
	GlobalSection(SolutionProperties) = preSolution
		HideSolutionNode = FALSE
	EndGlobalSection
	GlobalSection(ExtensibilityGlobals) = postSolution
		SolutionGuid = {3D670436-7468-46FE-A5BB-2332A294483C}
	EndGlobalSection
EndGlobal
